
Microsoft Visual Studio Solution File, Format Version 12.00
# Visual Studio 15
VisualStudioVersion = 15.0.28307.421
MinimumVisualStudioVersion = 10.0.40219.1
Project("{FAE04EC0-301F-11D3-BF4B-00C04F79EFBC}") = "WordUnscrambler", "WordUnscrambler\WordUnscrambler.csproj", "{877FAC86-7EB0-4C3C-B71B-4D4A680EBF4B}"
EndProject
Project("{FAE04EC0-301F-11D3-BF4B-00C04F79EFBC}") = "WordUnscrambler.Test.Unit", "WordUnscrambler.Test.Unit\WordUnscrambler.Test.Unit.csproj", "{4144B6BB-4200-4314-A6DD-F9D68B75F1EF}"
EndProject
Global
	GlobalSection(SolutionConfigurationPlatforms) = preSolution
		Debug|Any CPU = Debug|Any CPU
		Release|Any CPU = Release|Any CPU
	EndGlobalSection
	GlobalSection(ProjectConfigurationPlatforms) = postSolution
		{877FAC86-7EB0-4C3C-B71B-4D4A680EBF4B}.Debug|Any CPU.ActiveCfg = Debug|Any CPU
		{877FAC86-7EB0-4C3C-B71B-4D4A680EBF4B}.Debug|Any CPU.Build.0 = Debug|Any CPU
		{877FAC86-7EB0-4C3C-B71B-4D4A680EBF4B}.Release|Any CPU.ActiveCfg = Release|Any CPU
		{877FAC86-7EB0-4C3C-B71B-4D4A680EBF4B}.Release|Any CPU.Build.0 = Release|Any CPU
		{4144B6BB-4200-4314-A6DD-F9D68B75F1EF}.Debug|Any CPU.ActiveCfg = Debug|Any CPU
		{4144B6BB-4200-4314-A6DD-F9D68B75F1EF}.Debug|Any CPU.Build.0 = Debug|Any CPU
		{4144B6BB-4200-4314-A6DD-F9D68B75F1EF}.Release|Any CPU.ActiveCfg = Release|Any CPU
		{4144B6BB-4200-4314-A6DD-F9D68B75F1EF}.Release|Any CPU.Build.0 = Release|Any CPU
	EndGlobalSection
	GlobalSection(SolutionProperties) = preSolution
		HideSolutionNode = FALSE
	EndGlobalSection
	GlobalSection(ExtensibilityGlobals) = postSolution
		SolutionGuid = {538F4553-D560-4C5E-98EB-E4B938FE5491}
	EndGlobalSection
EndGlobal
